// !$*UTF8*$!
{
	archiveVersion = 1;
	classes = {
	};
	objectVersion = 60;
	objects = {

/* Begin PBXBuildFile section */
		04D309D85BC7FDE433B25B5C /* Pods_MyTaxi.framework in Frameworks */ = {isa = PBXBuildFile; fileRef = 6B517F73DD19DAEE745E253A /* Pods_MyTaxi.framework */; };
		3A0D30D72C22493300498139 /* Login-Module in Frameworks */ = {isa = PBXBuildFile; productRef = 3A0D30D62C22493300498139 /* Login-Module */; };
		3A747DCE2C20F50B00FAEDD5 /* Entity-Module in Frameworks */ = {isa = PBXBuildFile; productRef = 3A747DCD2C20F50B00FAEDD5 /* Entity-Module */; };
		3A747DD12C20F54000FAEDD5 /* Interator-Module in Frameworks */ = {isa = PBXBuildFile; productRef = 3A747DD02C20F54000FAEDD5 /* Interator-Module */; };
		3A747DD42C20F55100FAEDD5 /* Presenter-Module in Frameworks */ = {isa = PBXBuildFile; productRef = 3A747DD32C20F55100FAEDD5 /* Presenter-Module */; };
		3A747DD72C20F55E00FAEDD5 /* Protocol-Module in Frameworks */ = {isa = PBXBuildFile; productRef = 3A747DD62C20F55E00FAEDD5 /* Protocol-Module */; };
		3A747DDA2C20F56D00FAEDD5 /* Coordinator-Module in Frameworks */ = {isa = PBXBuildFile; productRef = 3A747DD92C20F56D00FAEDD5 /* Coordinator-Module */; };
		3A747DDD2C20F57E00FAEDD5 /* Login-Module in Frameworks */ = {isa = PBXBuildFile; productRef = 3A747DDC2C20F57E00FAEDD5 /* Login-Module */; };
		3A837CB22C224F42008660C3 /* Component-Module in Frameworks */ = {isa = PBXBuildFile; productRef = 3A837CB12C224F42008660C3 /* Component-Module */; };
		3A8A10C62BD4A5DC00758AD0 /* MyTaxiApp.swift in Sources */ = {isa = PBXBuildFile; fileRef = 3A8A10C52BD4A5DC00758AD0 /* MyTaxiApp.swift */; };
		3A8A10CA2BD4A5E100758AD0 /* Assets.xcassets in Resources */ = {isa = PBXBuildFile; fileRef = 3A8A10C92BD4A5E100758AD0 /* Assets.xcassets */; };
		3A8A10CD2BD4A5E100758AD0 /* Preview Assets.xcassets in Resources */ = {isa = PBXBuildFile; fileRef = 3A8A10CC2BD4A5E100758AD0 /* Preview Assets.xcassets */; };
		3AD5A80A2BDECD8200DB43D0 /* Entity-Module in Frameworks */ = {isa = PBXBuildFile; productRef = 3AD5A8092BDECD8200DB43D0 /* Entity-Module */; };
		3AD5A8102BDEDE8D00DB43D0 /* Entity-Module in Frameworks */ = {isa = PBXBuildFile; productRef = 3AD5A80F2BDEDE8D00DB43D0 /* Entity-Module */; };
/* End PBXBuildFile section */

/* Begin PBXFileReference section */
		3A8A10C22BD4A5DC00758AD0 /* MyTaxi.app */ = {isa = PBXFileReference; explicitFileType = wrapper.application; includeInIndex = 0; path = MyTaxi.app; sourceTree = BUILT_PRODUCTS_DIR; };
		3A8A10C52BD4A5DC00758AD0 /* MyTaxiApp.swift */ = {isa = PBXFileReference; lastKnownFileType = sourcecode.swift; path = MyTaxiApp.swift; sourceTree = "<group>"; };
		3A8A10C92BD4A5E100758AD0 /* Assets.xcassets */ = {isa = PBXFileReference; lastKnownFileType = folder.assetcatalog; path = Assets.xcassets; sourceTree = "<group>"; };
		3A8A10CC2BD4A5E100758AD0 /* Preview Assets.xcassets */ = {isa = PBXFileReference; lastKnownFileType = folder.assetcatalog; path = "Preview Assets.xcassets"; sourceTree = "<group>"; };
		4F14618872E88B3F795AE1C5 /* Pods-MyTaxi.release.xcconfig */ = {isa = PBXFileReference; includeInIndex = 1; lastKnownFileType = text.xcconfig; name = "Pods-MyTaxi.release.xcconfig"; path = "Target Support Files/Pods-MyTaxi/Pods-MyTaxi.release.xcconfig"; sourceTree = "<group>"; };
		6B517F73DD19DAEE745E253A /* Pods_MyTaxi.framework */ = {isa = PBXFileReference; explicitFileType = wrapper.framework; includeInIndex = 0; path = Pods_MyTaxi.framework; sourceTree = BUILT_PRODUCTS_DIR; };
		C7D8EDCC6F959E738D82B5C0 /* Pods-MyTaxi.debug.xcconfig */ = {isa = PBXFileReference; includeInIndex = 1; lastKnownFileType = text.xcconfig; name = "Pods-MyTaxi.debug.xcconfig"; path = "Target Support Files/Pods-MyTaxi/Pods-MyTaxi.debug.xcconfig"; sourceTree = "<group>"; };
/* End PBXFileReference section */

/* Begin PBXFrameworksBuildPhase section */
		3A8A10BF2BD4A5DC00758AD0 /* Frameworks */ = {
			isa = PBXFrameworksBuildPhase;
			buildActionMask = 2147483647;
			files = (
				3A837CB22C224F42008660C3 /* Component-Module in Frameworks */,
				3A747DCE2C20F50B00FAEDD5 /* Entity-Module in Frameworks */,
				3A747DDD2C20F57E00FAEDD5 /* Login-Module in Frameworks */,
				3A0D30D72C22493300498139 /* Login-Module in Frameworks */,
				3A747DD42C20F55100FAEDD5 /* Presenter-Module in Frameworks */,
				3AD5A8102BDEDE8D00DB43D0 /* Entity-Module in Frameworks */,
				3A747DDA2C20F56D00FAEDD5 /* Coordinator-Module in Frameworks */,
				3A747DD72C20F55E00FAEDD5 /* Protocol-Module in Frameworks */,
				3AD5A80A2BDECD8200DB43D0 /* Entity-Module in Frameworks */,
				3A747DD12C20F54000FAEDD5 /* Interator-Module in Frameworks */,
				04D309D85BC7FDE433B25B5C /* Pods_MyTaxi.framework in Frameworks */,
			);
			runOnlyForDeploymentPostprocessing = 0;
		};
/* End PBXFrameworksBuildPhase section */

/* Begin PBXGroup section */
		3A8A10B92BD4A5DB00758AD0 = {
			isa = PBXGroup;
			children = (
				3A8A10C42BD4A5DC00758AD0 /* MyTaxi */,
				3A8A10C32BD4A5DC00758AD0 /* Products */,
				78E028F58C4B3098A2FA299B /* Pods */,
				FF848C418D286C4B4D70A268 /* Frameworks */,
			);
			sourceTree = "<group>";
		};
		3A8A10C32BD4A5DC00758AD0 /* Products */ = {
			isa = PBXGroup;
			children = (
				3A8A10C22BD4A5DC00758AD0 /* MyTaxi.app */,
			);
			name = Products;
			sourceTree = "<group>";
		};
		3A8A10C42BD4A5DC00758AD0 /* MyTaxi */ = {
			isa = PBXGroup;
			children = (
				3A8A10C52BD4A5DC00758AD0 /* MyTaxiApp.swift */,
				3A8A10C92BD4A5E100758AD0 /* Assets.xcassets */,
				3A8A10CB2BD4A5E100758AD0 /* Preview Content */,
			);
			path = MyTaxi;
			sourceTree = "<group>";
		};
		3A8A10CB2BD4A5E100758AD0 /* Preview Content */ = {
			isa = PBXGroup;
			children = (
				3A8A10CC2BD4A5E100758AD0 /* Preview Assets.xcassets */,
			);
			path = "Preview Content";
			sourceTree = "<group>";
		};
		78E028F58C4B3098A2FA299B /* Pods */ = {
			isa = PBXGroup;
			children = (
				C7D8EDCC6F959E738D82B5C0 /* Pods-MyTaxi.debug.xcconfig */,
				4F14618872E88B3F795AE1C5 /* Pods-MyTaxi.release.xcconfig */,
			);
			path = Pods;
			sourceTree = "<group>";
		};
		FF848C418D286C4B4D70A268 /* Frameworks */ = {
			isa = PBXGroup;
			children = (
				6B517F73DD19DAEE745E253A /* Pods_MyTaxi.framework */,
			);
			name = Frameworks;
			sourceTree = "<group>";
		};
/* End PBXGroup section */

/* Begin PBXNativeTarget section */
		3A8A10C12BD4A5DC00758AD0 /* MyTaxi */ = {
			isa = PBXNativeTarget;
			buildConfigurationList = 3A8A10D02BD4A5E100758AD0 /* Build configuration list for PBXNativeTarget "MyTaxi" */;
			buildPhases = (
				7F6DAE07CEE63E2EF53D4D00 /* [CP] Check Pods Manifest.lock */,
				3A8A10BE2BD4A5DC00758AD0 /* Sources */,
				3A8A10BF2BD4A5DC00758AD0 /* Frameworks */,
				3A8A10C02BD4A5DC00758AD0 /* Resources */,
				210951829568FA4E10DEFEDA /* [CP] Embed Pods Frameworks */,
			);
			buildRules = (
			);
			dependencies = (
			);
			name = MyTaxi;
			packageProductDependencies = (
				3AD5A8092BDECD8200DB43D0 /* Entity-Module */,
				3AD5A80F2BDEDE8D00DB43D0 /* Entity-Module */,
				3A747DCD2C20F50B00FAEDD5 /* Entity-Module */,
				3A747DD02C20F54000FAEDD5 /* Interator-Module */,
				3A747DD32C20F55100FAEDD5 /* Presenter-Module */,
				3A747DD62C20F55E00FAEDD5 /* Protocol-Module */,
				3A747DD92C20F56D00FAEDD5 /* Coordinator-Module */,
				3A747DDC2C20F57E00FAEDD5 /* Login-Module */,
				3A0D30D62C22493300498139 /* Login-Module */,
				3A837CB12C224F42008660C3 /* Component-Module */,
			);
			productName = MyTaxi;
			productReference = 3A8A10C22BD4A5DC00758AD0 /* MyTaxi.app */;
			productType = "com.apple.product-type.application";
		};
/* End PBXNativeTarget section */

/* Begin PBXProject section */
		3A8A10BA2BD4A5DB00758AD0 /* Project object */ = {
			isa = PBXProject;
			attributes = {
				BuildIndependentTargetsInParallel = 1;
				LastSwiftUpdateCheck = 1520;
				LastUpgradeCheck = 1520;
				TargetAttributes = {
					3A8A10C12BD4A5DC00758AD0 = {
						CreatedOnToolsVersion = 15.2;
					};
				};
			};
			buildConfigurationList = 3A8A10BD2BD4A5DC00758AD0 /* Build configuration list for PBXProject "MyTaxi" */;
			compatibilityVersion = "Xcode 14.0";
			developmentRegion = en;
			hasScannedForEncodings = 0;
			knownRegions = (
				en,
				Base,
			);
			mainGroup = 3A8A10B92BD4A5DB00758AD0;
			packageReferences = (
				3A747DCC2C20F50B00FAEDD5 /* XCLocalSwiftPackageReference "mod-entity" */,
				3A747DCF2C20F54000FAEDD5 /* XCLocalSwiftPackageReference "mod-interator" */,
				3A747DD22C20F55100FAEDD5 /* XCLocalSwiftPackageReference "mod-presenter" */,
				3A747DD52C20F55E00FAEDD5 /* XCLocalSwiftPackageReference "mod-protocol" */,
				3A747DD82C20F56D00FAEDD5 /* XCLocalSwiftPackageReference "mod-coordinator" */,
				3A0D30D52C22493300498139 /* XCLocalSwiftPackageReference "mod-login" */,
				3A837CB02C224F42008660C3 /* XCLocalSwiftPackageReference "mod-component" */,
			);
			productRefGroup = 3A8A10C32BD4A5DC00758AD0 /* Products */;
			projectDirPath = "";
			projectRoot = "";
			targets = (
				3A8A10C12BD4A5DC00758AD0 /* MyTaxi */,
			);
		};
/* End PBXProject section */

/* Begin PBXResourcesBuildPhase section */
		3A8A10C02BD4A5DC00758AD0 /* Resources */ = {
			isa = PBXResourcesBuildPhase;
			buildActionMask = 2147483647;
			files = (
				3A8A10CD2BD4A5E100758AD0 /* Preview Assets.xcassets in Resources */,
				3A8A10CA2BD4A5E100758AD0 /* Assets.xcassets in Resources */,
			);
			runOnlyForDeploymentPostprocessing = 0;
		};
/* End PBXResourcesBuildPhase section */

/* Begin PBXShellScriptBuildPhase section */
		210951829568FA4E10DEFEDA /* [CP] Embed Pods Frameworks */ = {
			isa = PBXShellScriptBuildPhase;
			buildActionMask = 2147483647;
			files = (
			);
			inputFileListPaths = (
				"${PODS_ROOT}/Target Support Files/Pods-MyTaxi/Pods-MyTaxi-frameworks-${CONFIGURATION}-input-files.xcfilelist",
			);
			name = "[CP] Embed Pods Frameworks";
			outputFileListPaths = (
				"${PODS_ROOT}/Target Support Files/Pods-MyTaxi/Pods-MyTaxi-frameworks-${CONFIGURATION}-output-files.xcfilelist",
			);
			runOnlyForDeploymentPostprocessing = 0;
			shellPath = /bin/sh;
			shellScript = "\"${PODS_ROOT}/Target Support Files/Pods-MyTaxi/Pods-MyTaxi-frameworks.sh\"\n";
			showEnvVarsInLog = 0;
		};
		7F6DAE07CEE63E2EF53D4D00 /* [CP] Check Pods Manifest.lock */ = {
			isa = PBXShellScriptBuildPhase;
			buildActionMask = 2147483647;
			files = (
			);
			inputFileListPaths = (
			);
			inputPaths = (
				"${PODS_PODFILE_DIR_PATH}/Podfile.lock",
				"${PODS_ROOT}/Manifest.lock",
			);
			name = "[CP] Check Pods Manifest.lock";
			outputFileListPaths = (
			);
			outputPaths = (
				"$(DERIVED_FILE_DIR)/Pods-MyTaxi-checkManifestLockResult.txt",
			);
			runOnlyForDeploymentPostprocessing = 0;
			shellPath = /bin/sh;
			shellScript = "diff \"${PODS_PODFILE_DIR_PATH}/Podfile.lock\" \"${PODS_ROOT}/Manifest.lock\" > /dev/null\nif [ $? != 0 ] ; then\n    # print error to STDERR\n    echo \"error: The sandbox is not in sync with the Podfile.lock. Run 'pod install' or update your CocoaPods installation.\" >&2\n    exit 1\nfi\n# This output is used by Xcode 'outputs' to avoid re-running this script phase.\necho \"SUCCESS\" > \"${SCRIPT_OUTPUT_FILE_0}\"\n";
			showEnvVarsInLog = 0;
		};
/* End PBXShellScriptBuildPhase section */

/* Begin PBXSourcesBuildPhase section */
		3A8A10BE2BD4A5DC00758AD0 /* Sources */ = {
			isa = PBXSourcesBuildPhase;
			buildActionMask = 2147483647;
			files = (
				3A8A10C62BD4A5DC00758AD0 /* MyTaxiApp.swift in Sources */,
			);
			runOnlyForDeploymentPostprocessing = 0;
		};
/* End PBXSourcesBuildPhase section */

/* Begin XCBuildConfiguration section */
		3A8A10CE2BD4A5E100758AD0 /* Debug */ = {
			isa = XCBuildConfiguration;
			buildSettings = {
				ALWAYS_SEARCH_USER_PATHS = NO;
				ASSETCATALOG_COMPILER_GENERATE_SWIFT_ASSET_SYMBOL_EXTENSIONS = YES;
				CLANG_ANALYZER_NONNULL = YES;
				CLANG_ANALYZER_NUMBER_OBJECT_CONVERSION = YES_AGGRESSIVE;
				CLANG_CXX_LANGUAGE_STANDARD = "gnu++20";
				CLANG_ENABLE_MODULES = YES;
				CLANG_ENABLE_OBJC_ARC = YES;
				CLANG_ENABLE_OBJC_WEAK = YES;
				CLANG_WARN_BLOCK_CAPTURE_AUTORELEASING = YES;
				CLANG_WARN_BOOL_CONVERSION = YES;
				CLANG_WARN_COMMA = YES;
				CLANG_WARN_CONSTANT_CONVERSION = YES;
				CLANG_WARN_DEPRECATED_OBJC_IMPLEMENTATIONS = YES;
				CLANG_WARN_DIRECT_OBJC_ISA_USAGE = YES_ERROR;
				CLANG_WARN_DOCUMENTATION_COMMENTS = YES;
				CLANG_WARN_EMPTY_BODY = YES;
				CLANG_WARN_ENUM_CONVERSION = YES;
				CLANG_WARN_INFINITE_RECURSION = YES;
				CLANG_WARN_INT_CONVERSION = YES;
				CLANG_WARN_NON_LITERAL_NULL_CONVERSION = YES;
				CLANG_WARN_OBJC_IMPLICIT_RETAIN_SELF = YES;
				CLANG_WARN_OBJC_LITERAL_CONVERSION = YES;
				CLANG_WARN_OBJC_ROOT_CLASS = YES_ERROR;
				CLANG_WARN_QUOTED_INCLUDE_IN_FRAMEWORK_HEADER = YES;
				CLANG_WARN_RANGE_LOOP_ANALYSIS = YES;
				CLANG_WARN_STRICT_PROTOTYPES = YES;
				CLANG_WARN_SUSPICIOUS_MOVE = YES;
				CLANG_WARN_UNGUARDED_AVAILABILITY = YES_AGGRESSIVE;
				CLANG_WARN_UNREACHABLE_CODE = YES;
				CLANG_WARN__DUPLICATE_METHOD_MATCH = YES;
				COPY_PHASE_STRIP = NO;
				DEBUG_INFORMATION_FORMAT = dwarf;
				ENABLE_STRICT_OBJC_MSGSEND = YES;
				ENABLE_TESTABILITY = YES;
				ENABLE_USER_SCRIPT_SANDBOXING = NO;
				GCC_C_LANGUAGE_STANDARD = gnu17;
				GCC_DYNAMIC_NO_PIC = NO;
				GCC_NO_COMMON_BLOCKS = YES;
				GCC_OPTIMIZATION_LEVEL = 0;
				GCC_PREPROCESSOR_DEFINITIONS = (
					"DEBUG=1",
					"$(inherited)",
				);
				GCC_WARN_64_TO_32_BIT_CONVERSION = YES;
				GCC_WARN_ABOUT_RETURN_TYPE = YES_ERROR;
				GCC_WARN_UNDECLARED_SELECTOR = YES;
				GCC_WARN_UNINITIALIZED_AUTOS = YES_AGGRESSIVE;
				GCC_WARN_UNUSED_FUNCTION = YES;
				GCC_WARN_UNUSED_VARIABLE = YES;
				IPHONEOS_DEPLOYMENT_TARGET = 17.5;
				LOCALIZATION_PREFERS_STRING_CATALOGS = YES;
				MTL_ENABLE_DEBUG_INFO = INCLUDE_SOURCE;
				MTL_FAST_MATH = YES;
				ONLY_ACTIVE_ARCH = YES;
				SDKROOT = iphoneos;
				SWIFT_ACTIVE_COMPILATION_CONDITIONS = "DEBUG $(inherited)";
				SWIFT_OPTIMIZATION_LEVEL = "-Onone";
			};
			name = Debug;
		};
		3A8A10CF2BD4A5E100758AD0 /* Release */ = {
			isa = XCBuildConfiguration;
			buildSettings = {
				ALWAYS_SEARCH_USER_PATHS = NO;
				ASSETCATALOG_COMPILER_GENERATE_SWIFT_ASSET_SYMBOL_EXTENSIONS = YES;
				CLANG_ANALYZER_NONNULL = YES;
				CLANG_ANALYZER_NUMBER_OBJECT_CONVERSION = YES_AGGRESSIVE;
				CLANG_CXX_LANGUAGE_STANDARD = "gnu++20";
				CLANG_ENABLE_MODULES = YES;
				CLANG_ENABLE_OBJC_ARC = YES;
				CLANG_ENABLE_OBJC_WEAK = YES;
				CLANG_WARN_BLOCK_CAPTURE_AUTORELEASING = YES;
				CLANG_WARN_BOOL_CONVERSION = YES;
				CLANG_WARN_COMMA = YES;
				CLANG_WARN_CONSTANT_CONVERSION = YES;
				CLANG_WARN_DEPRECATED_OBJC_IMPLEMENTATIONS = YES;
				CLANG_WARN_DIRECT_OBJC_ISA_USAGE = YES_ERROR;
				CLANG_WARN_DOCUMENTATION_COMMENTS = YES;
				CLANG_WARN_EMPTY_BODY = YES;
				CLANG_WARN_ENUM_CONVERSION = YES;
				CLANG_WARN_INFINITE_RECURSION = YES;
				CLANG_WARN_INT_CONVERSION = YES;
				CLANG_WARN_NON_LITERAL_NULL_CONVERSION = YES;
				CLANG_WARN_OBJC_IMPLICIT_RETAIN_SELF = YES;
				CLANG_WARN_OBJC_LITERAL_CONVERSION = YES;
				CLANG_WARN_OBJC_ROOT_CLASS = YES_ERROR;
				CLANG_WARN_QUOTED_INCLUDE_IN_FRAMEWORK_HEADER = YES;
				CLANG_WARN_RANGE_LOOP_ANALYSIS = YES;
				CLANG_WARN_STRICT_PROTOTYPES = YES;
				CLANG_WARN_SUSPICIOUS_MOVE = YES;
				CLANG_WARN_UNGUARDED_AVAILABILITY = YES_AGGRESSIVE;
				CLANG_WARN_UNREACHABLE_CODE = YES;
				CLANG_WARN__DUPLICATE_METHOD_MATCH = YES;
				COPY_PHASE_STRIP = NO;
				DEBUG_INFORMATION_FORMAT = "dwarf-with-dsym";
				ENABLE_NS_ASSERTIONS = NO;
				ENABLE_STRICT_OBJC_MSGSEND = YES;
				ENABLE_USER_SCRIPT_SANDBOXING = NO;
				GCC_C_LANGUAGE_STANDARD = gnu17;
				GCC_NO_COMMON_BLOCKS = YES;
				GCC_WARN_64_TO_32_BIT_CONVERSION = YES;
				GCC_WARN_ABOUT_RETURN_TYPE = YES_ERROR;
				GCC_WARN_UNDECLARED_SELECTOR = YES;
				GCC_WARN_UNINITIALIZED_AUTOS = YES_AGGRESSIVE;
				GCC_WARN_UNUSED_FUNCTION = YES;
				GCC_WARN_UNUSED_VARIABLE = YES;
				IPHONEOS_DEPLOYMENT_TARGET = 17.5;
				LOCALIZATION_PREFERS_STRING_CATALOGS = YES;
				MTL_ENABLE_DEBUG_INFO = NO;
				MTL_FAST_MATH = YES;
				SDKROOT = iphoneos;
				SWIFT_COMPILATION_MODE = wholemodule;
				VALIDATE_PRODUCT = YES;
			};
			name = Release;
		};
		3A8A10D12BD4A5E100758AD0 /* Debug */ = {
			isa = XCBuildConfiguration;
			baseConfigurationReference = C7D8EDCC6F959E738D82B5C0 /* Pods-MyTaxi.debug.xcconfig */;
			buildSettings = {
				ASSETCATALOG_COMPILER_APPICON_NAME = AppIcon;
				ASSETCATALOG_COMPILER_GLOBAL_ACCENT_COLOR_NAME = AccentColor;
				CODE_SIGN_STYLE = Automatic;
				CURRENT_PROJECT_VERSION = 1;
				DEVELOPMENT_ASSET_PATHS = "\"MyTaxi/Preview Content\"";
				DEVELOPMENT_TEAM = 6B5VRN5HV6;
				ENABLE_PREVIEWS = YES;
				GENERATE_INFOPLIST_FILE = YES;
				INFOPLIST_KEY_CFBundleDisplayName = Chofer;
				INFOPLIST_KEY_UIApplicationSceneManifest_Generation = YES;
				INFOPLIST_KEY_UIApplicationSupportsIndirectInputEvents = YES;
				INFOPLIST_KEY_UILaunchScreen_Generation = YES;
				INFOPLIST_KEY_UIStatusBarHidden = YES;
				INFOPLIST_KEY_UIStatusBarStyle = "";
				INFOPLIST_KEY_UISupportedInterfaceOrientations_iPad = "UIInterfaceOrientationPortrait UIInterfaceOrientationPortraitUpsideDown UIInterfaceOrientationLandscapeLeft UIInterfaceOrientationLandscapeRight";
				INFOPLIST_KEY_UISupportedInterfaceOrientations_iPhone = "UIInterfaceOrientationPortrait UIInterfaceOrientationLandscapeLeft UIInterfaceOrientationLandscapeRight";
				IPHONEOS_DEPLOYMENT_TARGET = 17.5;
				LD_RUNPATH_SEARCH_PATHS = (
					"$(inherited)",
					"@executable_path/Frameworks",
				);
				MARKETING_VERSION = 1.0;
				PRODUCT_BUNDLE_IDENTIFIER = com.hache.MyTaxi;
				PRODUCT_NAME = "$(TARGET_NAME)";
				SUPPORTED_PLATFORMS = "iphoneos iphonesimulator";
				SUPPORTS_MACCATALYST = NO;
				SUPPORTS_MAC_DESIGNED_FOR_IPHONE_IPAD = NO;
				SUPPORTS_XR_DESIGNED_FOR_IPHONE_IPAD = NO;
				SWIFT_EMIT_LOC_STRINGS = YES;
				SWIFT_VERSION = 5.0;
				TARGETED_DEVICE_FAMILY = "1,2";
			};
			name = Debug;
		};
		3A8A10D22BD4A5E100758AD0 /* Release */ = {
			isa = XCBuildConfiguration;
			baseConfigurationReference = 4F14618872E88B3F795AE1C5 /* Pods-MyTaxi.release.xcconfig */;
			buildSettings = {
				ASSETCATALOG_COMPILER_APPICON_NAME = AppIcon;
				ASSETCATALOG_COMPILER_GLOBAL_ACCENT_COLOR_NAME = AccentColor;
				CODE_SIGN_STYLE = Automatic;
				CURRENT_PROJECT_VERSION = 1;
				DEVELOPMENT_ASSET_PATHS = "\"MyTaxi/Preview Content\"";
				DEVELOPMENT_TEAM = 6B5VRN5HV6;
				ENABLE_PREVIEWS = YES;
				GENERATE_INFOPLIST_FILE = YES;
				INFOPLIST_KEY_CFBundleDisplayName = Chofer;
				INFOPLIST_KEY_UIApplicationSceneManifest_Generation = YES;
				INFOPLIST_KEY_UIApplicationSupportsIndirectInputEvents = YES;
				INFOPLIST_KEY_UILaunchScreen_Generation = YES;
				INFOPLIST_KEY_UIStatusBarHidden = YES;
				INFOPLIST_KEY_UIStatusBarStyle = "";
				INFOPLIST_KEY_UISupportedInterfaceOrientations_iPad = "UIInterfaceOrientationPortrait UIInterfaceOrientationPortraitUpsideDown UIInterfaceOrientationLandscapeLeft UIInterfaceOrientationLandscapeRight";
				INFOPLIST_KEY_UISupportedInterfaceOrientations_iPhone = "UIInterfaceOrientationPortrait UIInterfaceOrientationLandscapeLeft UIInterfaceOrientationLandscapeRight";
				IPHONEOS_DEPLOYMENT_TARGET = 17.5;
				LD_RUNPATH_SEARCH_PATHS = (
					"$(inherited)",
					"@executable_path/Frameworks",
				);
				MARKETING_VERSION = 1.0;
				PRODUCT_BUNDLE_IDENTIFIER = com.hache.MyTaxi;
				PRODUCT_NAME = "$(TARGET_NAME)";
				SUPPORTED_PLATFORMS = "iphoneos iphonesimulator";
				SUPPORTS_MACCATALYST = NO;
				SUPPORTS_MAC_DESIGNED_FOR_IPHONE_IPAD = NO;
				SUPPORTS_XR_DESIGNED_FOR_IPHONE_IPAD = NO;
				SWIFT_EMIT_LOC_STRINGS = YES;
				SWIFT_VERSION = 5.0;
				TARGETED_DEVICE_FAMILY = "1,2";
			};
			name = Release;
		};
/* End XCBuildConfiguration section */

/* Begin XCConfigurationList section */
		3A8A10BD2BD4A5DC00758AD0 /* Build configuration list for PBXProject "MyTaxi" */ = {
			isa = XCConfigurationList;
			buildConfigurations = (
				3A8A10CE2BD4A5E100758AD0 /* Debug */,
				3A8A10CF2BD4A5E100758AD0 /* Release */,
			);
			defaultConfigurationIsVisible = 0;
			defaultConfigurationName = Release;
		};
		3A8A10D02BD4A5E100758AD0 /* Build configuration list for PBXNativeTarget "MyTaxi" */ = {
			isa = XCConfigurationList;
			buildConfigurations = (
				3A8A10D12BD4A5E100758AD0 /* Debug */,
				3A8A10D22BD4A5E100758AD0 /* Release */,
			);
			defaultConfigurationIsVisible = 0;
			defaultConfigurationName = Release;
		};
/* End XCConfigurationList section */

/* Begin XCLocalSwiftPackageReference section */
		3A0D30D52C22493300498139 /* XCLocalSwiftPackageReference "mod-login" */ = {
			isa = XCLocalSwiftPackageReference;
			relativePath = "mod-login";
		};
		3A747DCC2C20F50B00FAEDD5 /* XCLocalSwiftPackageReference "mod-entity" */ = {
			isa = XCLocalSwiftPackageReference;
			relativePath = "mod-entity";
		};
		3A747DCF2C20F54000FAEDD5 /* XCLocalSwiftPackageReference "mod-interator" */ = {
			isa = XCLocalSwiftPackageReference;
			relativePath = "mod-interator";
		};
		3A747DD22C20F55100FAEDD5 /* XCLocalSwiftPackageReference "mod-presenter" */ = {
			isa = XCLocalSwiftPackageReference;
			relativePath = "mod-presenter";
		};
		3A747DD52C20F55E00FAEDD5 /* XCLocalSwiftPackageReference "mod-protocol" */ = {
			isa = XCLocalSwiftPackageReference;
			relativePath = "mod-protocol";
		};
		3A747DD82C20F56D00FAEDD5 /* XCLocalSwiftPackageReference "mod-coordinator" */ = {
			isa = XCLocalSwiftPackageReference;
			relativePath = "mod-coordinator";
		};
		3A837CB02C224F42008660C3 /* XCLocalSwiftPackageReference "mod-component" */ = {
			isa = XCLocalSwiftPackageReference;
			relativePath = "mod-component";
		};
/* End XCLocalSwiftPackageReference section */

/* Begin XCSwiftPackageProductDependency section */
		3A0D30D62C22493300498139 /* Login-Module */ = {
			isa = XCSwiftPackageProductDependency;
			productName = "Login-Module";
		};
		3A747DCD2C20F50B00FAEDD5 /* Entity-Module */ = {
			isa = XCSwiftPackageProductDependency;
			productName = "Entity-Module";
		};
		3A747DD02C20F54000FAEDD5 /* Interator-Module */ = {
			isa = XCSwiftPackageProductDependency;
			productName = "Interator-Module";
		};
		3A747DD32C20F55100FAEDD5 /* Presenter-Module */ = {
			isa = XCSwiftPackageProductDependency;
			productName = "Presenter-Module";
		};
		3A747DD62C20F55E00FAEDD5 /* Protocol-Module */ = {
			isa = XCSwiftPackageProductDependency;
			productName = "Protocol-Module";
		};
		3A747DD92C20F56D00FAEDD5 /* Coordinator-Module */ = {
			isa = XCSwiftPackageProductDependency;
			productName = "Coordinator-Module";
		};
		3A747DDC2C20F57E00FAEDD5 /* Login-Module */ = {
			isa = XCSwiftPackageProductDependency;
			productName = "Login-Module";
		};
		3A837CB12C224F42008660C3 /* Component-Module */ = {
			isa = XCSwiftPackageProductDependency;
			productName = "Component-Module";
		};
		3AD5A8092BDECD8200DB43D0 /* Entity-Module */ = {
			isa = XCSwiftPackageProductDependency;
			productName = "Entity-Module";
		};
		3AD5A80F2BDEDE8D00DB43D0 /* Entity-Module */ = {
			isa = XCSwiftPackageProductDependency;
			productName = "Entity-Module";
		};
/* End XCSwiftPackageProductDependency section */
	};
	rootObject = 3A8A10BA2BD4A5DB00758AD0 /* Project object */;
}
